
Microsoft Visual Studio Solution File, Format Version 12.00
# Visual Studio Version 16
VisualStudioVersion = 16.0.28803.202
MinimumVisualStudioVersion = 10.0.40219.1
Project("{9A19103F-16F7-4668-BE54-9A1E7A4F7556}") = "StarMap.Cll", "src\StarMap.Cll\StarMap.Cll.csproj", "{B7F49263-C63D-4026-8AD3-E3919FF6B5C4}"
EndProject
Project("{2150E333-8FDC-42A3-9474-1A3956D46DE8}") = "Solution Items", "Solution Items", "{04E01DEF-EAAE-4E3C-8D48-B9042FC5C7AF}"
	ProjectSection(SolutionItems) = preProject
		.editorconfig = .editorconfig
		Directory.Build.props = Directory.Build.props
		README.md = README.md
	EndProjectSection
EndProject
Project("{9A19103F-16F7-4668-BE54-9A1E7A4F7556}") = "StarMap.Dal", "src\StarMap.Dal\StarMap.Dal.csproj", "{24BBECBC-C55C-4C2D-A1E5-94285A55EFC9}"
EndProject
Project("{9A19103F-16F7-4668-BE54-9A1E7A4F7556}") = "StarMap.Bll", "src\StarMap.Bll\StarMap.Bll.csproj", "{F97A9A38-4A4B-411E-93E3-7C5A6A6559D7}"
EndProject
Project("{2150E333-8FDC-42A3-9474-1A3956D46DE8}") = "src", "src", "{D95781E7-C8E5-4F61-89B2-CFE701C5E52E}"
EndProject
Project("{9A19103F-16F7-4668-BE54-9A1E7A4F7556}") = "StarMap.Bll.Test", "test\StarMap.Bll.Test\StarMap.Bll.Test.csproj", "{9D1C1E9D-075C-4E7B-A481-A106B9BB9EA1}"
EndProject
Project("{2150E333-8FDC-42A3-9474-1A3956D46DE8}") = "test", "test", "{580BA092-A27B-44DC-A707-A78C2CEA45E4}"
EndProject
Project("{9A19103F-16F7-4668-BE54-9A1E7A4F7556}") = "StarMap.Dal.Test", "test\StarMap.Dal.Test\StarMap.Dal.Test.csproj", "{55C3EE78-8FD1-47DC-9F78-B0265734D036}"
EndProject
Project("{9A19103F-16F7-4668-BE54-9A1E7A4F7556}") = "StarMap.Cll.Test", "test\StarMap.Cll.Test\StarMap.Cll.Test.csproj", "{07427AE5-3488-4E1D-9E27-DE6D4436A1F9}"
EndProject
Project("{2150E333-8FDC-42A3-9474-1A3956D46DE8}") = "targets", "targets", "{A8F421F6-9A24-48C0-92AB-5BA8D7C4A190}"
EndProject
Project("{FAE04EC0-301F-11D3-BF4B-00C04F79EFBC}") = "StarMap.Android", "src\StarMap\StarMap.Android\StarMap.Android.csproj", "{91BF0505-0A1A-4790-B4DB-5BF7206F1D29}"
EndProject
Project("{FAE04EC0-301F-11D3-BF4B-00C04F79EFBC}") = "StarMap", "src\StarMap\StarMap\StarMap.csproj", "{F4C59082-8F55-4474-B8C7-AEC32116B476}"
EndProject
Global
	GlobalSection(SolutionConfigurationPlatforms) = preSolution
		Debug|Any CPU = Debug|Any CPU
		Release|Any CPU = Release|Any CPU
	EndGlobalSection
	GlobalSection(ProjectConfigurationPlatforms) = postSolution
		{B7F49263-C63D-4026-8AD3-E3919FF6B5C4}.Debug|Any CPU.ActiveCfg = Debug|Any CPU
		{B7F49263-C63D-4026-8AD3-E3919FF6B5C4}.Debug|Any CPU.Build.0 = Debug|Any CPU
		{B7F49263-C63D-4026-8AD3-E3919FF6B5C4}.Release|Any CPU.ActiveCfg = Release|Any CPU
		{B7F49263-C63D-4026-8AD3-E3919FF6B5C4}.Release|Any CPU.Build.0 = Release|Any CPU
		{24BBECBC-C55C-4C2D-A1E5-94285A55EFC9}.Debug|Any CPU.ActiveCfg = Debug|Any CPU
		{24BBECBC-C55C-4C2D-A1E5-94285A55EFC9}.Debug|Any CPU.Build.0 = Debug|Any CPU
		{24BBECBC-C55C-4C2D-A1E5-94285A55EFC9}.Release|Any CPU.ActiveCfg = Release|Any CPU
		{24BBECBC-C55C-4C2D-A1E5-94285A55EFC9}.Release|Any CPU.Build.0 = Release|Any CPU
		{F97A9A38-4A4B-411E-93E3-7C5A6A6559D7}.Debug|Any CPU.ActiveCfg = Debug|Any CPU
		{F97A9A38-4A4B-411E-93E3-7C5A6A6559D7}.Debug|Any CPU.Build.0 = Debug|Any CPU
		{F97A9A38-4A4B-411E-93E3-7C5A6A6559D7}.Release|Any CPU.ActiveCfg = Release|Any CPU
		{F97A9A38-4A4B-411E-93E3-7C5A6A6559D7}.Release|Any CPU.Build.0 = Release|Any CPU
		{9D1C1E9D-075C-4E7B-A481-A106B9BB9EA1}.Debug|Any CPU.ActiveCfg = Debug|Any CPU
		{9D1C1E9D-075C-4E7B-A481-A106B9BB9EA1}.Debug|Any CPU.Build.0 = Debug|Any CPU
		{9D1C1E9D-075C-4E7B-A481-A106B9BB9EA1}.Release|Any CPU.ActiveCfg = Release|Any CPU
		{9D1C1E9D-075C-4E7B-A481-A106B9BB9EA1}.Release|Any CPU.Build.0 = Release|Any CPU
		{55C3EE78-8FD1-47DC-9F78-B0265734D036}.Debug|Any CPU.ActiveCfg = Debug|Any CPU
		{55C3EE78-8FD1-47DC-9F78-B0265734D036}.Debug|Any CPU.Build.0 = Debug|Any CPU
		{55C3EE78-8FD1-47DC-9F78-B0265734D036}.Release|Any CPU.ActiveCfg = Release|Any CPU
		{55C3EE78-8FD1-47DC-9F78-B0265734D036}.Release|Any CPU.Build.0 = Release|Any CPU
		{07427AE5-3488-4E1D-9E27-DE6D4436A1F9}.Debug|Any CPU.ActiveCfg = Debug|Any CPU
		{07427AE5-3488-4E1D-9E27-DE6D4436A1F9}.Debug|Any CPU.Build.0 = Debug|Any CPU
		{07427AE5-3488-4E1D-9E27-DE6D4436A1F9}.Release|Any CPU.ActiveCfg = Release|Any CPU
		{07427AE5-3488-4E1D-9E27-DE6D4436A1F9}.Release|Any CPU.Build.0 = Release|Any CPU
		{91BF0505-0A1A-4790-B4DB-5BF7206F1D29}.Debug|Any CPU.ActiveCfg = Debug|Any CPU
		{91BF0505-0A1A-4790-B4DB-5BF7206F1D29}.Debug|Any CPU.Build.0 = Debug|Any CPU
		{91BF0505-0A1A-4790-B4DB-5BF7206F1D29}.Debug|Any CPU.Deploy.0 = Debug|Any CPU
		{91BF0505-0A1A-4790-B4DB-5BF7206F1D29}.Release|Any CPU.ActiveCfg = Release|Any CPU
		{91BF0505-0A1A-4790-B4DB-5BF7206F1D29}.Release|Any CPU.Build.0 = Release|Any CPU
		{91BF0505-0A1A-4790-B4DB-5BF7206F1D29}.Release|Any CPU.Deploy.0 = Release|Any CPU
		{F4C59082-8F55-4474-B8C7-AEC32116B476}.Debug|Any CPU.ActiveCfg = Debug|Any CPU
		{F4C59082-8F55-4474-B8C7-AEC32116B476}.Debug|Any CPU.Build.0 = Debug|Any CPU
		{F4C59082-8F55-4474-B8C7-AEC32116B476}.Release|Any CPU.ActiveCfg = Release|Any CPU
		{F4C59082-8F55-4474-B8C7-AEC32116B476}.Release|Any CPU.Build.0 = Release|Any CPU
	EndGlobalSection
	GlobalSection(SolutionProperties) = preSolution
		HideSolutionNode = FALSE
	EndGlobalSection
	GlobalSection(NestedProjects) = preSolution
		{B7F49263-C63D-4026-8AD3-E3919FF6B5C4} = {D95781E7-C8E5-4F61-89B2-CFE701C5E52E}
		{24BBECBC-C55C-4C2D-A1E5-94285A55EFC9} = {D95781E7-C8E5-4F61-89B2-CFE701C5E52E}
		{F97A9A38-4A4B-411E-93E3-7C5A6A6559D7} = {D95781E7-C8E5-4F61-89B2-CFE701C5E52E}
		{9D1C1E9D-075C-4E7B-A481-A106B9BB9EA1} = {580BA092-A27B-44DC-A707-A78C2CEA45E4}
		{55C3EE78-8FD1-47DC-9F78-B0265734D036} = {580BA092-A27B-44DC-A707-A78C2CEA45E4}
		{07427AE5-3488-4E1D-9E27-DE6D4436A1F9} = {580BA092-A27B-44DC-A707-A78C2CEA45E4}
		{A8F421F6-9A24-48C0-92AB-5BA8D7C4A190} = {D95781E7-C8E5-4F61-89B2-CFE701C5E52E}
		{91BF0505-0A1A-4790-B4DB-5BF7206F1D29} = {A8F421F6-9A24-48C0-92AB-5BA8D7C4A190}
		{F4C59082-8F55-4474-B8C7-AEC32116B476} = {D95781E7-C8E5-4F61-89B2-CFE701C5E52E}
	EndGlobalSection
	GlobalSection(ExtensibilityGlobals) = postSolution
		SolutionGuid = {73A80A93-3A39-4C0A-8F85-EFAF4A613AC4}
	EndGlobalSection
EndGlobal
