
Microsoft Visual Studio Solution File, Format Version 12.00
# Visual Studio 15
VisualStudioVersion = 15.0.26228.9
MinimumVisualStudioVersion = 10.0.40219.1
Project("{2150E333-8FDC-42A3-9474-1A3956D46DE8}") = "Targets", "Targets", "{8A053932-B4A2-452A-9AC5-41CDC2109C74}"
EndProject
Project("{2150E333-8FDC-42A3-9474-1A3956D46DE8}") = "Logic", "Logic", "{223AA51A-D8A8-4E9D-A568-D008F374C2C3}"
EndProject
Project("{2150E333-8FDC-42A3-9474-1A3956D46DE8}") = "Tests", "Tests", "{D94D6C72-E46A-4AAF-BB43-3B73B122EBBB}"
EndProject
Project("{FAE04EC0-301F-11D3-BF4B-00C04F79EFBC}") = "StarMap", "StarMap\StarMap.csproj", "{67F9D3A8-F71E-4428-913F-C37AE82CDB24}"
EndProject
Project("{FAE04EC0-301F-11D3-BF4B-00C04F79EFBC}") = "StarMap.Cll", "StarMap.Logic\StarMap.Cll\StarMap.Cll.csproj", "{FD438FA4-9F7A-44EB-8238-6EE411EF9E0A}"
EndProject
Project("{FAE04EC0-301F-11D3-BF4B-00C04F79EFBC}") = "StarMap.Bll", "StarMap.Logic\StarMap.Bll\StarMap.Bll.csproj", "{DA911914-878B-4B4D-A39F-5896D30D37B9}"
EndProject
Project("{FAE04EC0-301F-11D3-BF4B-00C04F79EFBC}") = "StarMap.Dal", "StarMap.Logic\StarMap.Dal\StarMap.Dal.csproj", "{54866B7E-C603-4AD2-8251-0810A19CB79F}"
EndProject
Project("{FAE04EC0-301F-11D3-BF4B-00C04F79EFBC}") = "StarMap.Core", "StarMap.Core\StarMap.Core.csproj", "{460A7F1E-A1C2-41A1-A570-C858ACB232C9}"
EndProject
Project("{FAE04EC0-301F-11D3-BF4B-00C04F79EFBC}") = "StarMap.Droid", "StarMap.Target\StarMap.Droid\StarMap.Droid.csproj", "{1D06063B-8A86-4700-AFF2-5ADF57941316}"
EndProject
Project("{2150E333-8FDC-42A3-9474-1A3956D46DE8}") = "Core", "Core", "{05078F89-C465-4C41-8741-4BEB1DAE9D2B}"
EndProject
Global
	GlobalSection(SolutionConfigurationPlatforms) = preSolution
		Debug|Any CPU = Debug|Any CPU
		Release|Any CPU = Release|Any CPU
	EndGlobalSection
	GlobalSection(ProjectConfigurationPlatforms) = postSolution
		{67F9D3A8-F71E-4428-913F-C37AE82CDB24}.Debug|Any CPU.ActiveCfg = Debug|Any CPU
		{67F9D3A8-F71E-4428-913F-C37AE82CDB24}.Debug|Any CPU.Build.0 = Debug|Any CPU
		{67F9D3A8-F71E-4428-913F-C37AE82CDB24}.Release|Any CPU.ActiveCfg = Release|Any CPU
		{67F9D3A8-F71E-4428-913F-C37AE82CDB24}.Release|Any CPU.Build.0 = Release|Any CPU
		{FD438FA4-9F7A-44EB-8238-6EE411EF9E0A}.Debug|Any CPU.ActiveCfg = Debug|Any CPU
		{FD438FA4-9F7A-44EB-8238-6EE411EF9E0A}.Debug|Any CPU.Build.0 = Debug|Any CPU
		{FD438FA4-9F7A-44EB-8238-6EE411EF9E0A}.Release|Any CPU.ActiveCfg = Release|Any CPU
		{FD438FA4-9F7A-44EB-8238-6EE411EF9E0A}.Release|Any CPU.Build.0 = Release|Any CPU
		{DA911914-878B-4B4D-A39F-5896D30D37B9}.Debug|Any CPU.ActiveCfg = Debug|Any CPU
		{DA911914-878B-4B4D-A39F-5896D30D37B9}.Debug|Any CPU.Build.0 = Debug|Any CPU
		{DA911914-878B-4B4D-A39F-5896D30D37B9}.Release|Any CPU.ActiveCfg = Release|Any CPU
		{DA911914-878B-4B4D-A39F-5896D30D37B9}.Release|Any CPU.Build.0 = Release|Any CPU
		{54866B7E-C603-4AD2-8251-0810A19CB79F}.Debug|Any CPU.ActiveCfg = Debug|Any CPU
		{54866B7E-C603-4AD2-8251-0810A19CB79F}.Debug|Any CPU.Build.0 = Debug|Any CPU
		{54866B7E-C603-4AD2-8251-0810A19CB79F}.Release|Any CPU.ActiveCfg = Release|Any CPU
		{54866B7E-C603-4AD2-8251-0810A19CB79F}.Release|Any CPU.Build.0 = Release|Any CPU
		{460A7F1E-A1C2-41A1-A570-C858ACB232C9}.Debug|Any CPU.ActiveCfg = Debug|Any CPU
		{460A7F1E-A1C2-41A1-A570-C858ACB232C9}.Debug|Any CPU.Build.0 = Debug|Any CPU
		{460A7F1E-A1C2-41A1-A570-C858ACB232C9}.Release|Any CPU.ActiveCfg = Release|Any CPU
		{460A7F1E-A1C2-41A1-A570-C858ACB232C9}.Release|Any CPU.Build.0 = Release|Any CPU
		{1D06063B-8A86-4700-AFF2-5ADF57941316}.Debug|Any CPU.ActiveCfg = Debug|Any CPU
		{1D06063B-8A86-4700-AFF2-5ADF57941316}.Debug|Any CPU.Build.0 = Debug|Any CPU
		{1D06063B-8A86-4700-AFF2-5ADF57941316}.Debug|Any CPU.Deploy.0 = Debug|Any CPU
		{1D06063B-8A86-4700-AFF2-5ADF57941316}.Release|Any CPU.ActiveCfg = Release|Any CPU
		{1D06063B-8A86-4700-AFF2-5ADF57941316}.Release|Any CPU.Build.0 = Release|Any CPU
		{1D06063B-8A86-4700-AFF2-5ADF57941316}.Release|Any CPU.Deploy.0 = Release|Any CPU
	EndGlobalSection
	GlobalSection(SolutionProperties) = preSolution
		HideSolutionNode = FALSE
	EndGlobalSection
	GlobalSection(NestedProjects) = preSolution
		{FD438FA4-9F7A-44EB-8238-6EE411EF9E0A} = {223AA51A-D8A8-4E9D-A568-D008F374C2C3}
		{DA911914-878B-4B4D-A39F-5896D30D37B9} = {223AA51A-D8A8-4E9D-A568-D008F374C2C3}
		{54866B7E-C603-4AD2-8251-0810A19CB79F} = {223AA51A-D8A8-4E9D-A568-D008F374C2C3}
		{460A7F1E-A1C2-41A1-A570-C858ACB232C9} = {05078F89-C465-4C41-8741-4BEB1DAE9D2B}
		{1D06063B-8A86-4700-AFF2-5ADF57941316} = {8A053932-B4A2-452A-9AC5-41CDC2109C74}
		{05078F89-C465-4C41-8741-4BEB1DAE9D2B} = {223AA51A-D8A8-4E9D-A568-D008F374C2C3}
	EndGlobalSection
EndGlobal
