
Microsoft Visual Studio Solution File, Format Version 12.00
# Visual Studio 15
VisualStudioVersion = 15.0.26430.6
MinimumVisualStudioVersion = 10.0.40219.1
Project("{FAE04EC0-301F-11D3-BF4B-00C04F79EFBC}") = "StarMap.Core", "StarMap.Core\StarMap.Core.csproj", "{460A7F1E-A1C2-41A1-A570-C858ACB232C9}"
EndProject
Project("{FAE04EC0-301F-11D3-BF4B-00C04F79EFBC}") = "StarMap.Bll", "StarMap.Logic\StarMap.Bll\StarMap.Bll.csproj", "{DA911914-878B-4B4D-A39F-5896D30D37B9}"
EndProject
Project("{FAE04EC0-301F-11D3-BF4B-00C04F79EFBC}") = "StarMap.Cll", "StarMap.Logic\StarMap.Cll\StarMap.Cll.csproj", "{FD438FA4-9F7A-44EB-8238-6EE411EF9E0A}"
EndProject
Project("{FAE04EC0-301F-11D3-BF4B-00C04F79EFBC}") = "StarMap.Dal", "StarMap.Logic\StarMap.Dal\StarMap.Dal.csproj", "{54866B7E-C603-4AD2-8251-0810A19CB79F}"
EndProject
Project("{2150E333-8FDC-42A3-9474-1A3956D46DE8}") = "Logic", "Logic", "{9A23E78F-EF61-4FB9-BBCD-597EEF71E95C}"
EndProject
Project("{2150E333-8FDC-42A3-9474-1A3956D46DE8}") = "Core", "Core", "{B84B6619-B092-492D-B5D1-DC7F825DB84C}"
EndProject
Project("{FAE04EC0-301F-11D3-BF4B-00C04F79EFBC}") = "StarMap.LogicTest", "StarMap.Test\StarMap.LogicTest\StarMap.LogicTest.csproj", "{77D9D7DA-1E44-4344-93E5-B60027032A59}"
EndProject
Global
	GlobalSection(SolutionConfigurationPlatforms) = preSolution
		Debug|Any CPU = Debug|Any CPU
		Release|Any CPU = Release|Any CPU
	EndGlobalSection
	GlobalSection(ProjectConfigurationPlatforms) = postSolution
		{460A7F1E-A1C2-41A1-A570-C858ACB232C9}.Debug|Any CPU.ActiveCfg = Debug|Any CPU
		{460A7F1E-A1C2-41A1-A570-C858ACB232C9}.Debug|Any CPU.Build.0 = Debug|Any CPU
		{460A7F1E-A1C2-41A1-A570-C858ACB232C9}.Release|Any CPU.ActiveCfg = Release|Any CPU
		{460A7F1E-A1C2-41A1-A570-C858ACB232C9}.Release|Any CPU.Build.0 = Release|Any CPU
		{DA911914-878B-4B4D-A39F-5896D30D37B9}.Debug|Any CPU.ActiveCfg = Debug|Any CPU
		{DA911914-878B-4B4D-A39F-5896D30D37B9}.Debug|Any CPU.Build.0 = Debug|Any CPU
		{DA911914-878B-4B4D-A39F-5896D30D37B9}.Release|Any CPU.ActiveCfg = Release|Any CPU
		{DA911914-878B-4B4D-A39F-5896D30D37B9}.Release|Any CPU.Build.0 = Release|Any CPU
		{FD438FA4-9F7A-44EB-8238-6EE411EF9E0A}.Debug|Any CPU.ActiveCfg = Debug|Any CPU
		{FD438FA4-9F7A-44EB-8238-6EE411EF9E0A}.Debug|Any CPU.Build.0 = Debug|Any CPU
		{FD438FA4-9F7A-44EB-8238-6EE411EF9E0A}.Release|Any CPU.ActiveCfg = Release|Any CPU
		{FD438FA4-9F7A-44EB-8238-6EE411EF9E0A}.Release|Any CPU.Build.0 = Release|Any CPU
		{54866B7E-C603-4AD2-8251-0810A19CB79F}.Debug|Any CPU.ActiveCfg = Debug|Any CPU
		{54866B7E-C603-4AD2-8251-0810A19CB79F}.Debug|Any CPU.Build.0 = Debug|Any CPU
		{54866B7E-C603-4AD2-8251-0810A19CB79F}.Release|Any CPU.ActiveCfg = Release|Any CPU
		{54866B7E-C603-4AD2-8251-0810A19CB79F}.Release|Any CPU.Build.0 = Release|Any CPU
		{77D9D7DA-1E44-4344-93E5-B60027032A59}.Debug|Any CPU.ActiveCfg = Debug|Any CPU
		{77D9D7DA-1E44-4344-93E5-B60027032A59}.Debug|Any CPU.Build.0 = Debug|Any CPU
		{77D9D7DA-1E44-4344-93E5-B60027032A59}.Release|Any CPU.ActiveCfg = Release|Any CPU
		{77D9D7DA-1E44-4344-93E5-B60027032A59}.Release|Any CPU.Build.0 = Release|Any CPU
	EndGlobalSection
	GlobalSection(SolutionProperties) = preSolution
		HideSolutionNode = FALSE
	EndGlobalSection
	GlobalSection(NestedProjects) = preSolution
		{460A7F1E-A1C2-41A1-A570-C858ACB232C9} = {B84B6619-B092-492D-B5D1-DC7F825DB84C}
		{DA911914-878B-4B4D-A39F-5896D30D37B9} = {9A23E78F-EF61-4FB9-BBCD-597EEF71E95C}
		{FD438FA4-9F7A-44EB-8238-6EE411EF9E0A} = {9A23E78F-EF61-4FB9-BBCD-597EEF71E95C}
		{54866B7E-C603-4AD2-8251-0810A19CB79F} = {9A23E78F-EF61-4FB9-BBCD-597EEF71E95C}
		{B84B6619-B092-492D-B5D1-DC7F825DB84C} = {9A23E78F-EF61-4FB9-BBCD-597EEF71E95C}
	EndGlobalSection
EndGlobal
